
Microsoft Visual Studio Solution File, Format Version 12.00
# Visual Studio Version 16
VisualStudioVersion = 16.0.30717.126
MinimumVisualStudioVersion = 10.0.40219.1
Project("{FAE04EC0-301F-11D3-BF4B-00C04F79EFBC}") = "Logging", "Logging.csproj", "{95B39F04-1C2C-47E5-80DD-16E6F3A9EEC3}"
EndProject
Global
	GlobalSection(SolutionConfigurationPlatforms) = preSolution
		Debug|Any CPU = Debug|Any CPU
		Release|Any CPU = Release|Any CPU
	EndGlobalSection
	GlobalSection(ProjectConfigurationPlatforms) = postSolution
		{95B39F04-1C2C-47E5-80DD-16E6F3A9EEC3}.Debug|Any CPU.ActiveCfg = Debug|Any CPU
		{95B39F04-1C2C-47E5-80DD-16E6F3A9EEC3}.Debug|Any CPU.Build.0 = Debug|Any CPU
		{95B39F04-1C2C-47E5-80DD-16E6F3A9EEC3}.Release|Any CPU.ActiveCfg = Release|Any CPU
		{95B39F04-1C2C-47E5-80DD-16E6F3A9EEC3}.Release|Any CPU.Build.0 = Release|Any CPU
	EndGlobalSection
	GlobalSection(SolutionProperties) = preSolution
		HideSolutionNode = FALSE
	EndGlobalSection
	GlobalSection(ExtensibilityGlobals) = postSolution
		SolutionGuid = {B7D738F5-E183-4B8B-9E6A-A333E4D027FF}
	EndGlobalSection
EndGlobal
